
Microsoft Visual Studio Solution File, Format Version 12.00
# Visual Studio 14
VisualStudioVersion = 14.0.24720.0
MinimumVisualStudioVersion = 10.0.40219.1
Project("{FAE04EC0-301F-11D3-BF4B-00C04F79EFBC}") = "HR_Module_Xamarin.Droid", "HR Module Xamarin\HR_Module_Xamarin.Droid\HR_Module_Xamarin.Droid.csproj", "{B008F917-931C-48B1-92BC-64234AA113E1}"
EndProject
Project("{FAE04EC0-301F-11D3-BF4B-00C04F79EFBC}") = "HR_Module_Xamarin.iOS", "HR Module Xamarin\HR_Module_Xamarin.iOS\HR_Module_Xamarin.iOS.csproj", "{54179126-471D-48F2-9E7D-B0A67C3C45FB}"
EndProject
Project("{FAE04EC0-301F-11D3-BF4B-00C04F79EFBC}") = "HR_Module_Xamarin.WinPhone", "HR Module Xamarin\HR_Module_Xamarin.WinPhone\HR_Module_Xamarin.WinPhone.csproj", "{B2D0E4AE-24F1-40B3-893F-61DBE0094E56}"
EndProject
Project("{FAE04EC0-301F-11D3-BF4B-00C04F79EFBC}") = "HR_Module_Xamarin.UWP", "HR Module Xamarin\HR_Module_Xamarin.UWP\HR_Module_Xamarin.UWP.csproj", "{4C13044E-2A0D-4254-BA56-3843BFE33C66}"
EndProject
Project("{FAE04EC0-301F-11D3-BF4B-00C04F79EFBC}") = "HR_Module_Xamarin.Windows", "HR Module Xamarin\HR_Module_Xamarin.Windows\HR_Module_Xamarin.Windows.csproj", "{871C697F-ECE4-4F15-8A79-45D68F92A06F}"
EndProject
Project("{FAE04EC0-301F-11D3-BF4B-00C04F79EFBC}") = "HR_Module_Xamarin", "HR Module Xamarin\HR_Module_Xamarin\HR_Module_Xamarin.csproj", "{907312CD-6DF1-4A50-AA1C-277850FEABFE}"
EndProject
Global
	GlobalSection(SolutionConfigurationPlatforms) = preSolution
		Ad-Hoc|Any CPU = Ad-Hoc|Any CPU
		Ad-Hoc|ARM = Ad-Hoc|ARM
		Ad-Hoc|iPhone = Ad-Hoc|iPhone
		Ad-Hoc|iPhoneSimulator = Ad-Hoc|iPhoneSimulator
		Ad-Hoc|x64 = Ad-Hoc|x64
		Ad-Hoc|x86 = Ad-Hoc|x86
		AppStore|Any CPU = AppStore|Any CPU
		AppStore|ARM = AppStore|ARM
		AppStore|iPhone = AppStore|iPhone
		AppStore|iPhoneSimulator = AppStore|iPhoneSimulator
		AppStore|x64 = AppStore|x64
		AppStore|x86 = AppStore|x86
		Debug|Any CPU = Debug|Any CPU
		Debug|ARM = Debug|ARM
		Debug|iPhone = Debug|iPhone
		Debug|iPhoneSimulator = Debug|iPhoneSimulator
		Debug|x64 = Debug|x64
		Debug|x86 = Debug|x86
		Release|Any CPU = Release|Any CPU
		Release|ARM = Release|ARM
		Release|iPhone = Release|iPhone
		Release|iPhoneSimulator = Release|iPhoneSimulator
		Release|x64 = Release|x64
		Release|x86 = Release|x86
	EndGlobalSection
	GlobalSection(ProjectConfigurationPlatforms) = postSolution
		{B008F917-931C-48B1-92BC-64234AA113E1}.Ad-Hoc|Any CPU.ActiveCfg = Release|Any CPU
		{B008F917-931C-48B1-92BC-64234AA113E1}.Ad-Hoc|Any CPU.Build.0 = Release|Any CPU
		{B008F917-931C-48B1-92BC-64234AA113E1}.Ad-Hoc|Any CPU.Deploy.0 = Release|Any CPU
		{B008F917-931C-48B1-92BC-64234AA113E1}.Ad-Hoc|ARM.ActiveCfg = Release|Any CPU
		{B008F917-931C-48B1-92BC-64234AA113E1}.Ad-Hoc|ARM.Build.0 = Release|Any CPU
		{B008F917-931C-48B1-92BC-64234AA113E1}.Ad-Hoc|ARM.Deploy.0 = Release|Any CPU
		{B008F917-931C-48B1-92BC-64234AA113E1}.Ad-Hoc|iPhone.ActiveCfg = Release|Any CPU
		{B008F917-931C-48B1-92BC-64234AA113E1}.Ad-Hoc|iPhone.Build.0 = Release|Any CPU
		{B008F917-931C-48B1-92BC-64234AA113E1}.Ad-Hoc|iPhone.Deploy.0 = Release|Any CPU
		{B008F917-931C-48B1-92BC-64234AA113E1}.Ad-Hoc|iPhoneSimulator.ActiveCfg = Release|Any CPU
		{B008F917-931C-48B1-92BC-64234AA113E1}.Ad-Hoc|iPhoneSimulator.Build.0 = Release|Any CPU
		{B008F917-931C-48B1-92BC-64234AA113E1}.Ad-Hoc|iPhoneSimulator.Deploy.0 = Release|Any CPU
		{B008F917-931C-48B1-92BC-64234AA113E1}.Ad-Hoc|x64.ActiveCfg = Release|Any CPU
		{B008F917-931C-48B1-92BC-64234AA113E1}.Ad-Hoc|x64.Build.0 = Release|Any CPU
		{B008F917-931C-48B1-92BC-64234AA113E1}.Ad-Hoc|x64.Deploy.0 = Release|Any CPU
		{B008F917-931C-48B1-92BC-64234AA113E1}.Ad-Hoc|x86.ActiveCfg = Release|Any CPU
		{B008F917-931C-48B1-92BC-64234AA113E1}.Ad-Hoc|x86.Build.0 = Release|Any CPU
		{B008F917-931C-48B1-92BC-64234AA113E1}.Ad-Hoc|x86.Deploy.0 = Release|Any CPU
		{B008F917-931C-48B1-92BC-64234AA113E1}.AppStore|Any CPU.ActiveCfg = Release|Any CPU
		{B008F917-931C-48B1-92BC-64234AA113E1}.AppStore|Any CPU.Build.0 = Release|Any CPU
		{B008F917-931C-48B1-92BC-64234AA113E1}.AppStore|Any CPU.Deploy.0 = Release|Any CPU
		{B008F917-931C-48B1-92BC-64234AA113E1}.AppStore|ARM.ActiveCfg = Release|Any CPU
		{B008F917-931C-48B1-92BC-64234AA113E1}.AppStore|ARM.Build.0 = Release|Any CPU
		{B008F917-931C-48B1-92BC-64234AA113E1}.AppStore|ARM.Deploy.0 = Release|Any CPU
		{B008F917-931C-48B1-92BC-64234AA113E1}.AppStore|iPhone.ActiveCfg = Release|Any CPU
		{B008F917-931C-48B1-92BC-64234AA113E1}.AppStore|iPhone.Build.0 = Release|Any CPU
		{B008F917-931C-48B1-92BC-64234AA113E1}.AppStore|iPhone.Deploy.0 = Release|Any CPU
		{B008F917-931C-48B1-92BC-64234AA113E1}.AppStore|iPhoneSimulator.ActiveCfg = Release|Any CPU
		{B008F917-931C-48B1-92BC-64234AA113E1}.AppStore|iPhoneSimulator.Build.0 = Release|Any CPU
		{B008F917-931C-48B1-92BC-64234AA113E1}.AppStore|iPhoneSimulator.Deploy.0 = Release|Any CPU
		{B008F917-931C-48B1-92BC-64234AA113E1}.AppStore|x64.ActiveCfg = Release|Any CPU
		{B008F917-931C-48B1-92BC-64234AA113E1}.AppStore|x64.Build.0 = Release|Any CPU
		{B008F917-931C-48B1-92BC-64234AA113E1}.AppStore|x64.Deploy.0 = Release|Any CPU
		{B008F917-931C-48B1-92BC-64234AA113E1}.AppStore|x86.ActiveCfg = Release|Any CPU
		{B008F917-931C-48B1-92BC-64234AA113E1}.AppStore|x86.Build.0 = Release|Any CPU
		{B008F917-931C-48B1-92BC-64234AA113E1}.AppStore|x86.Deploy.0 = Release|Any CPU
		{B008F917-931C-48B1-92BC-64234AA113E1}.Debug|Any CPU.ActiveCfg = Debug|Any CPU
		{B008F917-931C-48B1-92BC-64234AA113E1}.Debug|Any CPU.Build.0 = Debug|Any CPU
		{B008F917-931C-48B1-92BC-64234AA113E1}.Debug|Any CPU.Deploy.0 = Debug|Any CPU
		{B008F917-931C-48B1-92BC-64234AA113E1}.Debug|ARM.ActiveCfg = Debug|Any CPU
		{B008F917-931C-48B1-92BC-64234AA113E1}.Debug|ARM.Build.0 = Debug|Any CPU
		{B008F917-931C-48B1-92BC-64234AA113E1}.Debug|ARM.Deploy.0 = Debug|Any CPU
		{B008F917-931C-48B1-92BC-64234AA113E1}.Debug|iPhone.ActiveCfg = Debug|Any CPU
		{B008F917-931C-48B1-92BC-64234AA113E1}.Debug|iPhone.Build.0 = Debug|Any CPU
		{B008F917-931C-48B1-92BC-64234AA113E1}.Debug|iPhone.Deploy.0 = Debug|Any CPU
		{B008F917-931C-48B1-92BC-64234AA113E1}.Debug|iPhoneSimulator.ActiveCfg = Debug|Any CPU
		{B008F917-931C-48B1-92BC-64234AA113E1}.Debug|iPhoneSimulator.Build.0 = Debug|Any CPU
		{B008F917-931C-48B1-92BC-64234AA113E1}.Debug|iPhoneSimulator.Deploy.0 = Debug|Any CPU
		{B008F917-931C-48B1-92BC-64234AA113E1}.Debug|x64.ActiveCfg = Debug|Any CPU
		{B008F917-931C-48B1-92BC-64234AA113E1}.Debug|x64.Build.0 = Debug|Any CPU
		{B008F917-931C-48B1-92BC-64234AA113E1}.Debug|x64.Deploy.0 = Debug|Any CPU
		{B008F917-931C-48B1-92BC-64234AA113E1}.Debug|x86.ActiveCfg = Debug|Any CPU
		{B008F917-931C-48B1-92BC-64234AA113E1}.Debug|x86.Build.0 = Debug|Any CPU
		{B008F917-931C-48B1-92BC-64234AA113E1}.Debug|x86.Deploy.0 = Debug|Any CPU
		{B008F917-931C-48B1-92BC-64234AA113E1}.Release|Any CPU.ActiveCfg = Release|Any CPU
		{B008F917-931C-48B1-92BC-64234AA113E1}.Release|Any CPU.Build.0 = Release|Any CPU
		{B008F917-931C-48B1-92BC-64234AA113E1}.Release|Any CPU.Deploy.0 = Release|Any CPU
		{B008F917-931C-48B1-92BC-64234AA113E1}.Release|ARM.ActiveCfg = Release|Any CPU
		{B008F917-931C-48B1-92BC-64234AA113E1}.Release|ARM.Build.0 = Release|Any CPU
		{B008F917-931C-48B1-92BC-64234AA113E1}.Release|ARM.Deploy.0 = Release|Any CPU
		{B008F917-931C-48B1-92BC-64234AA113E1}.Release|iPhone.ActiveCfg = Release|Any CPU
		{B008F917-931C-48B1-92BC-64234AA113E1}.Release|iPhone.Build.0 = Release|Any CPU
		{B008F917-931C-48B1-92BC-64234AA113E1}.Release|iPhone.Deploy.0 = Release|Any CPU
		{B008F917-931C-48B1-92BC-64234AA113E1}.Release|iPhoneSimulator.ActiveCfg = Release|Any CPU
		{B008F917-931C-48B1-92BC-64234AA113E1}.Release|iPhoneSimulator.Build.0 = Release|Any CPU
		{B008F917-931C-48B1-92BC-64234AA113E1}.Release|iPhoneSimulator.Deploy.0 = Release|Any CPU
		{B008F917-931C-48B1-92BC-64234AA113E1}.Release|x64.ActiveCfg = Release|Any CPU
		{B008F917-931C-48B1-92BC-64234AA113E1}.Release|x64.Build.0 = Release|Any CPU
		{B008F917-931C-48B1-92BC-64234AA113E1}.Release|x64.Deploy.0 = Release|Any CPU
		{B008F917-931C-48B1-92BC-64234AA113E1}.Release|x86.ActiveCfg = Release|Any CPU
		{B008F917-931C-48B1-92BC-64234AA113E1}.Release|x86.Build.0 = Release|Any CPU
		{B008F917-931C-48B1-92BC-64234AA113E1}.Release|x86.Deploy.0 = Release|Any CPU
		{54179126-471D-48F2-9E7D-B0A67C3C45FB}.Ad-Hoc|Any CPU.ActiveCfg = Ad-Hoc|iPhone
		{54179126-471D-48F2-9E7D-B0A67C3C45FB}.Ad-Hoc|ARM.ActiveCfg = Ad-Hoc|iPhone
		{54179126-471D-48F2-9E7D-B0A67C3C45FB}.Ad-Hoc|iPhone.ActiveCfg = Ad-Hoc|iPhone
		{54179126-471D-48F2-9E7D-B0A67C3C45FB}.Ad-Hoc|iPhone.Build.0 = Ad-Hoc|iPhone
		{54179126-471D-48F2-9E7D-B0A67C3C45FB}.Ad-Hoc|iPhoneSimulator.ActiveCfg = Ad-Hoc|iPhoneSimulator
		{54179126-471D-48F2-9E7D-B0A67C3C45FB}.Ad-Hoc|iPhoneSimulator.Build.0 = Ad-Hoc|iPhoneSimulator
		{54179126-471D-48F2-9E7D-B0A67C3C45FB}.Ad-Hoc|x64.ActiveCfg = Ad-Hoc|iPhone
		{54179126-471D-48F2-9E7D-B0A67C3C45FB}.Ad-Hoc|x86.ActiveCfg = Ad-Hoc|iPhone
		{54179126-471D-48F2-9E7D-B0A67C3C45FB}.AppStore|Any CPU.ActiveCfg = AppStore|iPhone
		{54179126-471D-48F2-9E7D-B0A67C3C45FB}.AppStore|ARM.ActiveCfg = AppStore|iPhone
		{54179126-471D-48F2-9E7D-B0A67C3C45FB}.AppStore|iPhone.ActiveCfg = AppStore|iPhone
		{54179126-471D-48F2-9E7D-B0A67C3C45FB}.AppStore|iPhone.Build.0 = AppStore|iPhone
		{54179126-471D-48F2-9E7D-B0A67C3C45FB}.AppStore|iPhoneSimulator.ActiveCfg = AppStore|iPhoneSimulator
		{54179126-471D-48F2-9E7D-B0A67C3C45FB}.AppStore|iPhoneSimulator.Build.0 = AppStore|iPhoneSimulator
		{54179126-471D-48F2-9E7D-B0A67C3C45FB}.AppStore|x64.ActiveCfg = AppStore|iPhone
		{54179126-471D-48F2-9E7D-B0A67C3C45FB}.AppStore|x86.ActiveCfg = AppStore|iPhone
		{54179126-471D-48F2-9E7D-B0A67C3C45FB}.Debug|Any CPU.ActiveCfg = Debug|iPhone
		{54179126-471D-48F2-9E7D-B0A67C3C45FB}.Debug|ARM.ActiveCfg = Debug|iPhone
		{54179126-471D-48F2-9E7D-B0A67C3C45FB}.Debug|iPhone.ActiveCfg = Debug|iPhone
		{54179126-471D-48F2-9E7D-B0A67C3C45FB}.Debug|iPhone.Build.0 = Debug|iPhone
		{54179126-471D-48F2-9E7D-B0A67C3C45FB}.Debug|iPhoneSimulator.ActiveCfg = Debug|iPhoneSimulator
		{54179126-471D-48F2-9E7D-B0A67C3C45FB}.Debug|iPhoneSimulator.Build.0 = Debug|iPhoneSimulator
		{54179126-471D-48F2-9E7D-B0A67C3C45FB}.Debug|x64.ActiveCfg = Debug|iPhone
		{54179126-471D-48F2-9E7D-B0A67C3C45FB}.Debug|x86.ActiveCfg = Debug|iPhone
		{54179126-471D-48F2-9E7D-B0A67C3C45FB}.Release|Any CPU.ActiveCfg = Release|iPhone
		{54179126-471D-48F2-9E7D-B0A67C3C45FB}.Release|ARM.ActiveCfg = Release|iPhone
		{54179126-471D-48F2-9E7D-B0A67C3C45FB}.Release|iPhone.ActiveCfg = Release|iPhone
		{54179126-471D-48F2-9E7D-B0A67C3C45FB}.Release|iPhone.Build.0 = Release|iPhone
		{54179126-471D-48F2-9E7D-B0A67C3C45FB}.Release|iPhoneSimulator.ActiveCfg = Release|iPhoneSimulator
		{54179126-471D-48F2-9E7D-B0A67C3C45FB}.Release|iPhoneSimulator.Build.0 = Release|iPhoneSimulator
		{54179126-471D-48F2-9E7D-B0A67C3C45FB}.Release|x64.ActiveCfg = Release|iPhone
		{54179126-471D-48F2-9E7D-B0A67C3C45FB}.Release|x86.ActiveCfg = Release|iPhone
		{B2D0E4AE-24F1-40B3-893F-61DBE0094E56}.Ad-Hoc|Any CPU.ActiveCfg = Release|Any CPU
		{B2D0E4AE-24F1-40B3-893F-61DBE0094E56}.Ad-Hoc|Any CPU.Build.0 = Release|Any CPU
		{B2D0E4AE-24F1-40B3-893F-61DBE0094E56}.Ad-Hoc|Any CPU.Deploy.0 = Release|Any CPU
		{B2D0E4AE-24F1-40B3-893F-61DBE0094E56}.Ad-Hoc|ARM.ActiveCfg = Release|ARM
		{B2D0E4AE-24F1-40B3-893F-61DBE0094E56}.Ad-Hoc|ARM.Build.0 = Release|ARM
		{B2D0E4AE-24F1-40B3-893F-61DBE0094E56}.Ad-Hoc|ARM.Deploy.0 = Release|ARM
		{B2D0E4AE-24F1-40B3-893F-61DBE0094E56}.Ad-Hoc|iPhone.ActiveCfg = Release|Any CPU
		{B2D0E4AE-24F1-40B3-893F-61DBE0094E56}.Ad-Hoc|iPhone.Build.0 = Release|Any CPU
		{B2D0E4AE-24F1-40B3-893F-61DBE0094E56}.Ad-Hoc|iPhone.Deploy.0 = Release|Any CPU
		{B2D0E4AE-24F1-40B3-893F-61DBE0094E56}.Ad-Hoc|iPhoneSimulator.ActiveCfg = Release|Any CPU
		{B2D0E4AE-24F1-40B3-893F-61DBE0094E56}.Ad-Hoc|iPhoneSimulator.Build.0 = Release|Any CPU
		{B2D0E4AE-24F1-40B3-893F-61DBE0094E56}.Ad-Hoc|iPhoneSimulator.Deploy.0 = Release|Any CPU
		{B2D0E4AE-24F1-40B3-893F-61DBE0094E56}.Ad-Hoc|x64.ActiveCfg = Release|Any CPU
		{B2D0E4AE-24F1-40B3-893F-61DBE0094E56}.Ad-Hoc|x64.Build.0 = Release|Any CPU
		{B2D0E4AE-24F1-40B3-893F-61DBE0094E56}.Ad-Hoc|x64.Deploy.0 = Release|Any CPU
		{B2D0E4AE-24F1-40B3-893F-61DBE0094E56}.Ad-Hoc|x86.ActiveCfg = Release|x86
		{B2D0E4AE-24F1-40B3-893F-61DBE0094E56}.Ad-Hoc|x86.Build.0 = Release|x86
		{B2D0E4AE-24F1-40B3-893F-61DBE0094E56}.Ad-Hoc|x86.Deploy.0 = Release|x86
		{B2D0E4AE-24F1-40B3-893F-61DBE0094E56}.AppStore|Any CPU.ActiveCfg = Release|Any CPU
		{B2D0E4AE-24F1-40B3-893F-61DBE0094E56}.AppStore|Any CPU.Build.0 = Release|Any CPU
		{B2D0E4AE-24F1-40B3-893F-61DBE0094E56}.AppStore|Any CPU.Deploy.0 = Release|Any CPU
		{B2D0E4AE-24F1-40B3-893F-61DBE0094E56}.AppStore|ARM.ActiveCfg = Release|ARM
		{B2D0E4AE-24F1-40B3-893F-61DBE0094E56}.AppStore|ARM.Build.0 = Release|ARM
		{B2D0E4AE-24F1-40B3-893F-61DBE0094E56}.AppStore|ARM.Deploy.0 = Release|ARM
		{B2D0E4AE-24F1-40B3-893F-61DBE0094E56}.AppStore|iPhone.ActiveCfg = Release|Any CPU
		{B2D0E4AE-24F1-40B3-893F-61DBE0094E56}.AppStore|iPhone.Build.0 = Release|Any CPU
		{B2D0E4AE-24F1-40B3-893F-61DBE0094E56}.AppStore|iPhone.Deploy.0 = Release|Any CPU
		{B2D0E4AE-24F1-40B3-893F-61DBE0094E56}.AppStore|iPhoneSimulator.ActiveCfg = Release|Any CPU
		{B2D0E4AE-24F1-40B3-893F-61DBE0094E56}.AppStore|iPhoneSimulator.Build.0 = Release|Any CPU
		{B2D0E4AE-24F1-40B3-893F-61DBE0094E56}.AppStore|iPhoneSimulator.Deploy.0 = Release|Any CPU
		{B2D0E4AE-24F1-40B3-893F-61DBE0094E56}.AppStore|x64.ActiveCfg = Release|Any CPU
		{B2D0E4AE-24F1-40B3-893F-61DBE0094E56}.AppStore|x64.Build.0 = Release|Any CPU
		{B2D0E4AE-24F1-40B3-893F-61DBE0094E56}.AppStore|x64.Deploy.0 = Release|Any CPU
		{B2D0E4AE-24F1-40B3-893F-61DBE0094E56}.AppStore|x86.ActiveCfg = Release|x86
		{B2D0E4AE-24F1-40B3-893F-61DBE0094E56}.AppStore|x86.Build.0 = Release|x86
		{B2D0E4AE-24F1-40B3-893F-61DBE0094E56}.AppStore|x86.Deploy.0 = Release|x86
		{B2D0E4AE-24F1-40B3-893F-61DBE0094E56}.Debug|Any CPU.ActiveCfg = Debug|Any CPU
		{B2D0E4AE-24F1-40B3-893F-61DBE0094E56}.Debug|Any CPU.Build.0 = Debug|Any CPU
		{B2D0E4AE-24F1-40B3-893F-61DBE0094E56}.Debug|Any CPU.Deploy.0 = Debug|Any CPU
		{B2D0E4AE-24F1-40B3-893F-61DBE0094E56}.Debug|ARM.ActiveCfg = Debug|ARM
		{B2D0E4AE-24F1-40B3-893F-61DBE0094E56}.Debug|ARM.Build.0 = Debug|ARM
		{B2D0E4AE-24F1-40B3-893F-61DBE0094E56}.Debug|ARM.Deploy.0 = Debug|ARM
		{B2D0E4AE-24F1-40B3-893F-61DBE0094E56}.Debug|iPhone.ActiveCfg = Debug|Any CPU
		{B2D0E4AE-24F1-40B3-893F-61DBE0094E56}.Debug|iPhone.Build.0 = Debug|Any CPU
		{B2D0E4AE-24F1-40B3-893F-61DBE0094E56}.Debug|iPhone.Deploy.0 = Debug|Any CPU
		{B2D0E4AE-24F1-40B3-893F-61DBE0094E56}.Debug|iPhoneSimulator.ActiveCfg = Debug|Any CPU
		{B2D0E4AE-24F1-40B3-893F-61DBE0094E56}.Debug|iPhoneSimulator.Build.0 = Debug|Any CPU
		{B2D0E4AE-24F1-40B3-893F-61DBE0094E56}.Debug|iPhoneSimulator.Deploy.0 = Debug|Any CPU
		{B2D0E4AE-24F1-40B3-893F-61DBE0094E56}.Debug|x64.ActiveCfg = Debug|Any CPU
		{B2D0E4AE-24F1-40B3-893F-61DBE0094E56}.Debug|x64.Build.0 = Debug|Any CPU
		{B2D0E4AE-24F1-40B3-893F-61DBE0094E56}.Debug|x64.Deploy.0 = Debug|Any CPU
		{B2D0E4AE-24F1-40B3-893F-61DBE0094E56}.Debug|x86.ActiveCfg = Debug|x86
		{B2D0E4AE-24F1-40B3-893F-61DBE0094E56}.Debug|x86.Build.0 = Debug|x86
		{B2D0E4AE-24F1-40B3-893F-61DBE0094E56}.Debug|x86.Deploy.0 = Debug|x86
		{B2D0E4AE-24F1-40B3-893F-61DBE0094E56}.Release|Any CPU.ActiveCfg = Release|Any CPU
		{B2D0E4AE-24F1-40B3-893F-61DBE0094E56}.Release|Any CPU.Build.0 = Release|Any CPU
		{B2D0E4AE-24F1-40B3-893F-61DBE0094E56}.Release|Any CPU.Deploy.0 = Release|Any CPU
		{B2D0E4AE-24F1-40B3-893F-61DBE0094E56}.Release|ARM.ActiveCfg = Release|ARM
		{B2D0E4AE-24F1-40B3-893F-61DBE0094E56}.Release|ARM.Build.0 = Release|ARM
		{B2D0E4AE-24F1-40B3-893F-61DBE0094E56}.Release|ARM.Deploy.0 = Release|ARM
		{B2D0E4AE-24F1-40B3-893F-61DBE0094E56}.Release|iPhone.ActiveCfg = Release|Any CPU
		{B2D0E4AE-24F1-40B3-893F-61DBE0094E56}.Release|iPhone.Build.0 = Release|Any CPU
		{B2D0E4AE-24F1-40B3-893F-61DBE0094E56}.Release|iPhone.Deploy.0 = Release|Any CPU
		{B2D0E4AE-24F1-40B3-893F-61DBE0094E56}.Release|iPhoneSimulator.ActiveCfg = Release|Any CPU
		{B2D0E4AE-24F1-40B3-893F-61DBE0094E56}.Release|iPhoneSimulator.Build.0 = Release|Any CPU
		{B2D0E4AE-24F1-40B3-893F-61DBE0094E56}.Release|iPhoneSimulator.Deploy.0 = Release|Any CPU
		{B2D0E4AE-24F1-40B3-893F-61DBE0094E56}.Release|x64.ActiveCfg = Release|Any CPU
		{B2D0E4AE-24F1-40B3-893F-61DBE0094E56}.Release|x64.Build.0 = Release|Any CPU
		{B2D0E4AE-24F1-40B3-893F-61DBE0094E56}.Release|x64.Deploy.0 = Release|Any CPU
		{B2D0E4AE-24F1-40B3-893F-61DBE0094E56}.Release|x86.ActiveCfg = Release|x86
		{B2D0E4AE-24F1-40B3-893F-61DBE0094E56}.Release|x86.Build.0 = Release|x86
		{B2D0E4AE-24F1-40B3-893F-61DBE0094E56}.Release|x86.Deploy.0 = Release|x86
		{4C13044E-2A0D-4254-BA56-3843BFE33C66}.Ad-Hoc|Any CPU.ActiveCfg = Release|x86
		{4C13044E-2A0D-4254-BA56-3843BFE33C66}.Ad-Hoc|Any CPU.Build.0 = Release|x86
		{4C13044E-2A0D-4254-BA56-3843BFE33C66}.Ad-Hoc|Any CPU.Deploy.0 = Release|x86
		{4C13044E-2A0D-4254-BA56-3843BFE33C66}.Ad-Hoc|ARM.ActiveCfg = Release|ARM
		{4C13044E-2A0D-4254-BA56-3843BFE33C66}.Ad-Hoc|ARM.Build.0 = Release|ARM
		{4C13044E-2A0D-4254-BA56-3843BFE33C66}.Ad-Hoc|ARM.Deploy.0 = Release|ARM
		{4C13044E-2A0D-4254-BA56-3843BFE33C66}.Ad-Hoc|iPhone.ActiveCfg = Release|x86
		{4C13044E-2A0D-4254-BA56-3843BFE33C66}.Ad-Hoc|iPhone.Build.0 = Release|x86
		{4C13044E-2A0D-4254-BA56-3843BFE33C66}.Ad-Hoc|iPhone.Deploy.0 = Release|x86
		{4C13044E-2A0D-4254-BA56-3843BFE33C66}.Ad-Hoc|iPhoneSimulator.ActiveCfg = Release|x86
		{4C13044E-2A0D-4254-BA56-3843BFE33C66}.Ad-Hoc|iPhoneSimulator.Build.0 = Release|x86
		{4C13044E-2A0D-4254-BA56-3843BFE33C66}.Ad-Hoc|iPhoneSimulator.Deploy.0 = Release|x86
		{4C13044E-2A0D-4254-BA56-3843BFE33C66}.Ad-Hoc|x64.ActiveCfg = Release|x64
		{4C13044E-2A0D-4254-BA56-3843BFE33C66}.Ad-Hoc|x64.Build.0 = Release|x64
		{4C13044E-2A0D-4254-BA56-3843BFE33C66}.Ad-Hoc|x64.Deploy.0 = Release|x64
		{4C13044E-2A0D-4254-BA56-3843BFE33C66}.Ad-Hoc|x86.ActiveCfg = Release|x86
		{4C13044E-2A0D-4254-BA56-3843BFE33C66}.Ad-Hoc|x86.Build.0 = Release|x86
		{4C13044E-2A0D-4254-BA56-3843BFE33C66}.Ad-Hoc|x86.Deploy.0 = Release|x86
		{4C13044E-2A0D-4254-BA56-3843BFE33C66}.AppStore|Any CPU.ActiveCfg = Release|x86
		{4C13044E-2A0D-4254-BA56-3843BFE33C66}.AppStore|Any CPU.Build.0 = Release|x86
		{4C13044E-2A0D-4254-BA56-3843BFE33C66}.AppStore|Any CPU.Deploy.0 = Release|x86
		{4C13044E-2A0D-4254-BA56-3843BFE33C66}.AppStore|ARM.ActiveCfg = Release|ARM
		{4C13044E-2A0D-4254-BA56-3843BFE33C66}.AppStore|ARM.Build.0 = Release|ARM
		{4C13044E-2A0D-4254-BA56-3843BFE33C66}.AppStore|ARM.Deploy.0 = Release|ARM
		{4C13044E-2A0D-4254-BA56-3843BFE33C66}.AppStore|iPhone.ActiveCfg = Release|x86
		{4C13044E-2A0D-4254-BA56-3843BFE33C66}.AppStore|iPhone.Build.0 = Release|x86
		{4C13044E-2A0D-4254-BA56-3843BFE33C66}.AppStore|iPhone.Deploy.0 = Release|x86
		{4C13044E-2A0D-4254-BA56-3843BFE33C66}.AppStore|iPhoneSimulator.ActiveCfg = Release|x86
		{4C13044E-2A0D-4254-BA56-3843BFE33C66}.AppStore|iPhoneSimulator.Build.0 = Release|x86
		{4C13044E-2A0D-4254-BA56-3843BFE33C66}.AppStore|iPhoneSimulator.Deploy.0 = Release|x86
		{4C13044E-2A0D-4254-BA56-3843BFE33C66}.AppStore|x64.ActiveCfg = Release|x64
		{4C13044E-2A0D-4254-BA56-3843BFE33C66}.AppStore|x64.Build.0 = Release|x64
		{4C13044E-2A0D-4254-BA56-3843BFE33C66}.AppStore|x64.Deploy.0 = Release|x64
		{4C13044E-2A0D-4254-BA56-3843BFE33C66}.AppStore|x86.ActiveCfg = Release|x86
		{4C13044E-2A0D-4254-BA56-3843BFE33C66}.AppStore|x86.Build.0 = Release|x86
		{4C13044E-2A0D-4254-BA56-3843BFE33C66}.AppStore|x86.Deploy.0 = Release|x86
		{4C13044E-2A0D-4254-BA56-3843BFE33C66}.Debug|Any CPU.ActiveCfg = Debug|x86
		{4C13044E-2A0D-4254-BA56-3843BFE33C66}.Debug|ARM.ActiveCfg = Debug|ARM
		{4C13044E-2A0D-4254-BA56-3843BFE33C66}.Debug|ARM.Build.0 = Debug|ARM
		{4C13044E-2A0D-4254-BA56-3843BFE33C66}.Debug|ARM.Deploy.0 = Debug|ARM
		{4C13044E-2A0D-4254-BA56-3843BFE33C66}.Debug|iPhone.ActiveCfg = Debug|x86
		{4C13044E-2A0D-4254-BA56-3843BFE33C66}.Debug|iPhoneSimulator.ActiveCfg = Debug|x86
		{4C13044E-2A0D-4254-BA56-3843BFE33C66}.Debug|x64.ActiveCfg = Debug|x64
		{4C13044E-2A0D-4254-BA56-3843BFE33C66}.Debug|x64.Build.0 = Debug|x64
		{4C13044E-2A0D-4254-BA56-3843BFE33C66}.Debug|x64.Deploy.0 = Debug|x64
		{4C13044E-2A0D-4254-BA56-3843BFE33C66}.Debug|x86.ActiveCfg = Debug|x86
		{4C13044E-2A0D-4254-BA56-3843BFE33C66}.Debug|x86.Build.0 = Debug|x86
		{4C13044E-2A0D-4254-BA56-3843BFE33C66}.Debug|x86.Deploy.0 = Debug|x86
		{4C13044E-2A0D-4254-BA56-3843BFE33C66}.Release|Any CPU.ActiveCfg = Release|x86
		{4C13044E-2A0D-4254-BA56-3843BFE33C66}.Release|ARM.ActiveCfg = Release|ARM
		{4C13044E-2A0D-4254-BA56-3843BFE33C66}.Release|ARM.Build.0 = Release|ARM
		{4C13044E-2A0D-4254-BA56-3843BFE33C66}.Release|ARM.Deploy.0 = Release|ARM
		{4C13044E-2A0D-4254-BA56-3843BFE33C66}.Release|iPhone.ActiveCfg = Release|x86
		{4C13044E-2A0D-4254-BA56-3843BFE33C66}.Release|iPhoneSimulator.ActiveCfg = Release|x86
		{4C13044E-2A0D-4254-BA56-3843BFE33C66}.Release|x64.ActiveCfg = Release|x64
		{4C13044E-2A0D-4254-BA56-3843BFE33C66}.Release|x64.Build.0 = Release|x64
		{4C13044E-2A0D-4254-BA56-3843BFE33C66}.Release|x64.Deploy.0 = Release|x64
		{4C13044E-2A0D-4254-BA56-3843BFE33C66}.Release|x86.ActiveCfg = Release|x86
		{4C13044E-2A0D-4254-BA56-3843BFE33C66}.Release|x86.Build.0 = Release|x86
		{4C13044E-2A0D-4254-BA56-3843BFE33C66}.Release|x86.Deploy.0 = Release|x86
		{871C697F-ECE4-4F15-8A79-45D68F92A06F}.Ad-Hoc|Any CPU.ActiveCfg = Release|Any CPU
		{871C697F-ECE4-4F15-8A79-45D68F92A06F}.Ad-Hoc|Any CPU.Build.0 = Release|Any CPU
		{871C697F-ECE4-4F15-8A79-45D68F92A06F}.Ad-Hoc|Any CPU.Deploy.0 = Release|Any CPU
		{871C697F-ECE4-4F15-8A79-45D68F92A06F}.Ad-Hoc|ARM.ActiveCfg = Release|ARM
		{871C697F-ECE4-4F15-8A79-45D68F92A06F}.Ad-Hoc|ARM.Build.0 = Release|ARM
		{871C697F-ECE4-4F15-8A79-45D68F92A06F}.Ad-Hoc|ARM.Deploy.0 = Release|ARM
		{871C697F-ECE4-4F15-8A79-45D68F92A06F}.Ad-Hoc|iPhone.ActiveCfg = Release|Any CPU
		{871C697F-ECE4-4F15-8A79-45D68F92A06F}.Ad-Hoc|iPhone.Build.0 = Release|Any CPU
		{871C697F-ECE4-4F15-8A79-45D68F92A06F}.Ad-Hoc|iPhone.Deploy.0 = Release|Any CPU
		{871C697F-ECE4-4F15-8A79-45D68F92A06F}.Ad-Hoc|iPhoneSimulator.ActiveCfg = Release|Any CPU
		{871C697F-ECE4-4F15-8A79-45D68F92A06F}.Ad-Hoc|iPhoneSimulator.Build.0 = Release|Any CPU
		{871C697F-ECE4-4F15-8A79-45D68F92A06F}.Ad-Hoc|iPhoneSimulator.Deploy.0 = Release|Any CPU
		{871C697F-ECE4-4F15-8A79-45D68F92A06F}.Ad-Hoc|x64.ActiveCfg = Release|x64
		{871C697F-ECE4-4F15-8A79-45D68F92A06F}.Ad-Hoc|x64.Build.0 = Release|x64
		{871C697F-ECE4-4F15-8A79-45D68F92A06F}.Ad-Hoc|x64.Deploy.0 = Release|x64
		{871C697F-ECE4-4F15-8A79-45D68F92A06F}.Ad-Hoc|x86.ActiveCfg = Release|x86
		{871C697F-ECE4-4F15-8A79-45D68F92A06F}.Ad-Hoc|x86.Build.0 = Release|x86
		{871C697F-ECE4-4F15-8A79-45D68F92A06F}.Ad-Hoc|x86.Deploy.0 = Release|x86
		{871C697F-ECE4-4F15-8A79-45D68F92A06F}.AppStore|Any CPU.ActiveCfg = Release|Any CPU
		{871C697F-ECE4-4F15-8A79-45D68F92A06F}.AppStore|Any CPU.Build.0 = Release|Any CPU
		{871C697F-ECE4-4F15-8A79-45D68F92A06F}.AppStore|Any CPU.Deploy.0 = Release|Any CPU
		{871C697F-ECE4-4F15-8A79-45D68F92A06F}.AppStore|ARM.ActiveCfg = Release|ARM
		{871C697F-ECE4-4F15-8A79-45D68F92A06F}.AppStore|ARM.Build.0 = Release|ARM
		{871C697F-ECE4-4F15-8A79-45D68F92A06F}.AppStore|ARM.Deploy.0 = Release|ARM
		{871C697F-ECE4-4F15-8A79-45D68F92A06F}.AppStore|iPhone.ActiveCfg = Release|Any CPU
		{871C697F-ECE4-4F15-8A79-45D68F92A06F}.AppStore|iPhone.Build.0 = Release|Any CPU
		{871C697F-ECE4-4F15-8A79-45D68F92A06F}.AppStore|iPhone.Deploy.0 = Release|Any CPU
		{871C697F-ECE4-4F15-8A79-45D68F92A06F}.AppStore|iPhoneSimulator.ActiveCfg = Release|Any CPU
		{871C697F-ECE4-4F15-8A79-45D68F92A06F}.AppStore|iPhoneSimulator.Build.0 = Release|Any CPU
		{871C697F-ECE4-4F15-8A79-45D68F92A06F}.AppStore|iPhoneSimulator.Deploy.0 = Release|Any CPU
		{871C697F-ECE4-4F15-8A79-45D68F92A06F}.AppStore|x64.ActiveCfg = Release|x64
		{871C697F-ECE4-4F15-8A79-45D68F92A06F}.AppStore|x64.Build.0 = Release|x64
		{871C697F-ECE4-4F15-8A79-45D68F92A06F}.AppStore|x64.Deploy.0 = Release|x64
		{871C697F-ECE4-4F15-8A79-45D68F92A06F}.AppStore|x86.ActiveCfg = Release|x86
		{871C697F-ECE4-4F15-8A79-45D68F92A06F}.AppStore|x86.Build.0 = Release|x86
		{871C697F-ECE4-4F15-8A79-45D68F92A06F}.AppStore|x86.Deploy.0 = Release|x86
		{871C697F-ECE4-4F15-8A79-45D68F92A06F}.Debug|Any CPU.ActiveCfg = Debug|Any CPU
		{871C697F-ECE4-4F15-8A79-45D68F92A06F}.Debug|Any CPU.Build.0 = Debug|Any CPU
		{871C697F-ECE4-4F15-8A79-45D68F92A06F}.Debug|Any CPU.Deploy.0 = Debug|Any CPU
		{871C697F-ECE4-4F15-8A79-45D68F92A06F}.Debug|ARM.ActiveCfg = Debug|ARM
		{871C697F-ECE4-4F15-8A79-45D68F92A06F}.Debug|ARM.Build.0 = Debug|ARM
		{871C697F-ECE4-4F15-8A79-45D68F92A06F}.Debug|ARM.Deploy.0 = Debug|ARM
		{871C697F-ECE4-4F15-8A79-45D68F92A06F}.Debug|iPhone.ActiveCfg = Debug|Any CPU
		{871C697F-ECE4-4F15-8A79-45D68F92A06F}.Debug|iPhone.Build.0 = Debug|Any CPU
		{871C697F-ECE4-4F15-8A79-45D68F92A06F}.Debug|iPhone.Deploy.0 = Debug|Any CPU
		{871C697F-ECE4-4F15-8A79-45D68F92A06F}.Debug|iPhoneSimulator.ActiveCfg = Debug|Any CPU
		{871C697F-ECE4-4F15-8A79-45D68F92A06F}.Debug|iPhoneSimulator.Build.0 = Debug|Any CPU
		{871C697F-ECE4-4F15-8A79-45D68F92A06F}.Debug|iPhoneSimulator.Deploy.0 = Debug|Any CPU
		{871C697F-ECE4-4F15-8A79-45D68F92A06F}.Debug|x64.ActiveCfg = Debug|x64
		{871C697F-ECE4-4F15-8A79-45D68F92A06F}.Debug|x64.Build.0 = Debug|x64
		{871C697F-ECE4-4F15-8A79-45D68F92A06F}.Debug|x64.Deploy.0 = Debug|x64
		{871C697F-ECE4-4F15-8A79-45D68F92A06F}.Debug|x86.ActiveCfg = Debug|x86
		{871C697F-ECE4-4F15-8A79-45D68F92A06F}.Debug|x86.Build.0 = Debug|x86
		{871C697F-ECE4-4F15-8A79-45D68F92A06F}.Debug|x86.Deploy.0 = Debug|x86
		{871C697F-ECE4-4F15-8A79-45D68F92A06F}.Release|Any CPU.ActiveCfg = Release|Any CPU
		{871C697F-ECE4-4F15-8A79-45D68F92A06F}.Release|Any CPU.Build.0 = Release|Any CPU
		{871C697F-ECE4-4F15-8A79-45D68F92A06F}.Release|Any CPU.Deploy.0 = Release|Any CPU
		{871C697F-ECE4-4F15-8A79-45D68F92A06F}.Release|ARM.ActiveCfg = Release|ARM
		{871C697F-ECE4-4F15-8A79-45D68F92A06F}.Release|ARM.Build.0 = Release|ARM
		{871C697F-ECE4-4F15-8A79-45D68F92A06F}.Release|ARM.Deploy.0 = Release|ARM
		{871C697F-ECE4-4F15-8A79-45D68F92A06F}.Release|iPhone.ActiveCfg = Release|Any CPU
		{871C697F-ECE4-4F15-8A79-45D68F92A06F}.Release|iPhone.Build.0 = Release|Any CPU
		{871C697F-ECE4-4F15-8A79-45D68F92A06F}.Release|iPhone.Deploy.0 = Release|Any CPU
		{871C697F-ECE4-4F15-8A79-45D68F92A06F}.Release|iPhoneSimulator.ActiveCfg = Release|Any CPU
		{871C697F-ECE4-4F15-8A79-45D68F92A06F}.Release|iPhoneSimulator.Build.0 = Release|Any CPU
		{871C697F-ECE4-4F15-8A79-45D68F92A06F}.Release|iPhoneSimulator.Deploy.0 = Release|Any CPU
		{871C697F-ECE4-4F15-8A79-45D68F92A06F}.Release|x64.ActiveCfg = Release|x64
		{871C697F-ECE4-4F15-8A79-45D68F92A06F}.Release|x64.Build.0 = Release|x64
		{871C697F-ECE4-4F15-8A79-45D68F92A06F}.Release|x64.Deploy.0 = Release|x64
		{871C697F-ECE4-4F15-8A79-45D68F92A06F}.Release|x86.ActiveCfg = Release|x86
		{871C697F-ECE4-4F15-8A79-45D68F92A06F}.Release|x86.Build.0 = Release|x86
		{871C697F-ECE4-4F15-8A79-45D68F92A06F}.Release|x86.Deploy.0 = Release|x86
		{907312CD-6DF1-4A50-AA1C-277850FEABFE}.Ad-Hoc|Any CPU.ActiveCfg = Release|Any CPU
		{907312CD-6DF1-4A50-AA1C-277850FEABFE}.Ad-Hoc|Any CPU.Build.0 = Release|Any CPU
		{907312CD-6DF1-4A50-AA1C-277850FEABFE}.Ad-Hoc|ARM.ActiveCfg = Release|Any CPU
		{907312CD-6DF1-4A50-AA1C-277850FEABFE}.Ad-Hoc|ARM.Build.0 = Release|Any CPU
		{907312CD-6DF1-4A50-AA1C-277850FEABFE}.Ad-Hoc|iPhone.ActiveCfg = Release|Any CPU
		{907312CD-6DF1-4A50-AA1C-277850FEABFE}.Ad-Hoc|iPhone.Build.0 = Release|Any CPU
		{907312CD-6DF1-4A50-AA1C-277850FEABFE}.Ad-Hoc|iPhoneSimulator.ActiveCfg = Release|Any CPU
		{907312CD-6DF1-4A50-AA1C-277850FEABFE}.Ad-Hoc|iPhoneSimulator.Build.0 = Release|Any CPU
		{907312CD-6DF1-4A50-AA1C-277850FEABFE}.Ad-Hoc|x64.ActiveCfg = Release|Any CPU
		{907312CD-6DF1-4A50-AA1C-277850FEABFE}.Ad-Hoc|x64.Build.0 = Release|Any CPU
		{907312CD-6DF1-4A50-AA1C-277850FEABFE}.Ad-Hoc|x86.ActiveCfg = Release|Any CPU
		{907312CD-6DF1-4A50-AA1C-277850FEABFE}.Ad-Hoc|x86.Build.0 = Release|Any CPU
		{907312CD-6DF1-4A50-AA1C-277850FEABFE}.AppStore|Any CPU.ActiveCfg = Release|Any CPU
		{907312CD-6DF1-4A50-AA1C-277850FEABFE}.AppStore|Any CPU.Build.0 = Release|Any CPU
		{907312CD-6DF1-4A50-AA1C-277850FEABFE}.AppStore|ARM.ActiveCfg = Release|Any CPU
		{907312CD-6DF1-4A50-AA1C-277850FEABFE}.AppStore|ARM.Build.0 = Release|Any CPU
		{907312CD-6DF1-4A50-AA1C-277850FEABFE}.AppStore|iPhone.ActiveCfg = Release|Any CPU
		{907312CD-6DF1-4A50-AA1C-277850FEABFE}.AppStore|iPhone.Build.0 = Release|Any CPU
		{907312CD-6DF1-4A50-AA1C-277850FEABFE}.AppStore|iPhoneSimulator.ActiveCfg = Release|Any CPU
		{907312CD-6DF1-4A50-AA1C-277850FEABFE}.AppStore|iPhoneSimulator.Build.0 = Release|Any CPU
		{907312CD-6DF1-4A50-AA1C-277850FEABFE}.AppStore|x64.ActiveCfg = Release|Any CPU
		{907312CD-6DF1-4A50-AA1C-277850FEABFE}.AppStore|x64.Build.0 = Release|Any CPU
		{907312CD-6DF1-4A50-AA1C-277850FEABFE}.AppStore|x86.ActiveCfg = Release|Any CPU
		{907312CD-6DF1-4A50-AA1C-277850FEABFE}.AppStore|x86.Build.0 = Release|Any CPU
		{907312CD-6DF1-4A50-AA1C-277850FEABFE}.Debug|Any CPU.ActiveCfg = Debug|Any CPU
		{907312CD-6DF1-4A50-AA1C-277850FEABFE}.Debug|Any CPU.Build.0 = Debug|Any CPU
		{907312CD-6DF1-4A50-AA1C-277850FEABFE}.Debug|ARM.ActiveCfg = Debug|Any CPU
		{907312CD-6DF1-4A50-AA1C-277850FEABFE}.Debug|ARM.Build.0 = Debug|Any CPU
		{907312CD-6DF1-4A50-AA1C-277850FEABFE}.Debug|iPhone.ActiveCfg = Debug|Any CPU
		{907312CD-6DF1-4A50-AA1C-277850FEABFE}.Debug|iPhone.Build.0 = Debug|Any CPU
		{907312CD-6DF1-4A50-AA1C-277850FEABFE}.Debug|iPhoneSimulator.ActiveCfg = Debug|Any CPU
		{907312CD-6DF1-4A50-AA1C-277850FEABFE}.Debug|iPhoneSimulator.Build.0 = Debug|Any CPU
		{907312CD-6DF1-4A50-AA1C-277850FEABFE}.Debug|x64.ActiveCfg = Debug|Any CPU
		{907312CD-6DF1-4A50-AA1C-277850FEABFE}.Debug|x64.Build.0 = Debug|Any CPU
		{907312CD-6DF1-4A50-AA1C-277850FEABFE}.Debug|x86.ActiveCfg = Debug|Any CPU
		{907312CD-6DF1-4A50-AA1C-277850FEABFE}.Debug|x86.Build.0 = Debug|Any CPU
		{907312CD-6DF1-4A50-AA1C-277850FEABFE}.Release|Any CPU.ActiveCfg = Release|Any CPU
		{907312CD-6DF1-4A50-AA1C-277850FEABFE}.Release|Any CPU.Build.0 = Release|Any CPU
		{907312CD-6DF1-4A50-AA1C-277850FEABFE}.Release|ARM.ActiveCfg = Release|Any CPU
		{907312CD-6DF1-4A50-AA1C-277850FEABFE}.Release|ARM.Build.0 = Release|Any CPU
		{907312CD-6DF1-4A50-AA1C-277850FEABFE}.Release|iPhone.ActiveCfg = Release|Any CPU
		{907312CD-6DF1-4A50-AA1C-277850FEABFE}.Release|iPhone.Build.0 = Release|Any CPU
		{907312CD-6DF1-4A50-AA1C-277850FEABFE}.Release|iPhoneSimulator.ActiveCfg = Release|Any CPU
		{907312CD-6DF1-4A50-AA1C-277850FEABFE}.Release|iPhoneSimulator.Build.0 = Release|Any CPU
		{907312CD-6DF1-4A50-AA1C-277850FEABFE}.Release|x64.ActiveCfg = Release|Any CPU
		{907312CD-6DF1-4A50-AA1C-277850FEABFE}.Release|x64.Build.0 = Release|Any CPU
		{907312CD-6DF1-4A50-AA1C-277850FEABFE}.Release|x86.ActiveCfg = Release|Any CPU
		{907312CD-6DF1-4A50-AA1C-277850FEABFE}.Release|x86.Build.0 = Release|Any CPU
	EndGlobalSection
	GlobalSection(SolutionProperties) = preSolution
		HideSolutionNode = FALSE
	EndGlobalSection
EndGlobal
